// !$*UTF8*$!
{
	archiveVersion = 1;
	classes = {
	};
	objectVersion = 54;
	objects = {

/* Begin PBXBuildFile section */
		3E8CBEA64D62AEED2D3AD5A4 /* Pods_Covid19AppTests.framework in Frameworks */ = {isa = PBXBuildFile; fileRef = 0990D3A80441D71D990309C0 /* Pods_Covid19AppTests.framework */; };
		84027A0425ADA68E00890DF0 /* Covid19AppTests.swift in Sources */ = {isa = PBXBuildFile; fileRef = 84027A0325ADA68E00890DF0 /* Covid19AppTests.swift */; };
		84029AD6255983C20069B5BF /* CountingLabel.swift in Sources */ = {isa = PBXBuildFile; fileRef = 84029AD5255983C20069B5BF /* CountingLabel.swift */; };
		840979AE257FA6FE00B274E5 /* CountryLabelTableViewCell.swift in Sources */ = {isa = PBXBuildFile; fileRef = 840979AC257FA6FE00B274E5 /* CountryLabelTableViewCell.swift */; };
		840979AF257FA6FE00B274E5 /* CountryLabelTableViewCell.xib in Resources */ = {isa = PBXBuildFile; fileRef = 840979AD257FA6FE00B274E5 /* CountryLabelTableViewCell.xib */; };
		84192A4025557DBF002C635E /* AppDelegate.swift in Sources */ = {isa = PBXBuildFile; fileRef = 84192A3F25557DBF002C635E /* AppDelegate.swift */; };
		84192A4225557DBF002C635E /* SceneDelegate.swift in Sources */ = {isa = PBXBuildFile; fileRef = 84192A4125557DBF002C635E /* SceneDelegate.swift */; };
		84192A4725557DBF002C635E /* Main.storyboard in Resources */ = {isa = PBXBuildFile; fileRef = 84192A4525557DBF002C635E /* Main.storyboard */; };
		84192A4925557DC3002C635E /* Assets.xcassets in Resources */ = {isa = PBXBuildFile; fileRef = 84192A4825557DC3002C635E /* Assets.xcassets */; };
		84192A4C25557DC3002C635E /* LaunchScreen.storyboard in Resources */ = {isa = PBXBuildFile; fileRef = 84192A4A25557DC3002C635E /* LaunchScreen.storyboard */; };
		842862DC257F7E40003FB365 /* SecondTableViewController.swift in Sources */ = {isa = PBXBuildFile; fileRef = 842862DB257F7E40003FB365 /* SecondTableViewController.swift */; };
		84348F3F256FF44E00AD7093 /* TabBarController.swift in Sources */ = {isa = PBXBuildFile; fileRef = 84348F3E256FF44E00AD7093 /* TabBarController.swift */; };
		844EB445257E3B58002C44E4 /* TableViewController.swift in Sources */ = {isa = PBXBuildFile; fileRef = 844EB444257E3B58002C44E4 /* TableViewController.swift */; };
		844EB44A257E4B26002C44E4 /* TableViewCell.swift in Sources */ = {isa = PBXBuildFile; fileRef = 844EB448257E4B25002C44E4 /* TableViewCell.swift */; };
		844EB44B257E4B26002C44E4 /* TableViewCell.xib in Resources */ = {isa = PBXBuildFile; fileRef = 844EB449257E4B26002C44E4 /* TableViewCell.xib */; };
		8477492D25C2C2B8003C21C0 /* WebMapViewController.swift in Sources */ = {isa = PBXBuildFile; fileRef = 8477492C25C2C2B8003C21C0 /* WebMapViewController.swift */; };
		84B507CB255EAE53009278C0 /* Formatter+Extensions.swift in Sources */ = {isa = PBXBuildFile; fileRef = 84B507CA255EAE53009278C0 /* Formatter+Extensions.swift */; };
		84B507CE255EAE99009278C0 /* Int+Extensions.swift in Sources */ = {isa = PBXBuildFile; fileRef = 84B507CD255EAE99009278C0 /* Int+Extensions.swift */; };
		84CF620B25AF4C1000402273 /* GoogleMobileAds.xcframework in Frameworks */ = {isa = PBXBuildFile; fileRef = 84CF620A25AF4C1000402273 /* GoogleMobileAds.xcframework */; };
		84E6740B255D372A0069E3CE /* URLComposerAndDownload.swift in Sources */ = {isa = PBXBuildFile; fileRef = 84E6740A255D372A0069E3CE /* URLComposerAndDownload.swift */; };
		84E6740F255D49520069E3CE /* Model.swift in Sources */ = {isa = PBXBuildFile; fileRef = 84E6740E255D49520069E3CE /* Model.swift */; };
		84F099F02570E8B900CA5E21 /* SelectCountryViewController.swift in Sources */ = {isa = PBXBuildFile; fileRef = 84F099EF2570E8B900CA5E21 /* SelectCountryViewController.swift */; };
		BC098CFE091D824F6C9CC982 /* Pods_Covid19App.framework in Frameworks */ = {isa = PBXBuildFile; fileRef = B234B208BCDE0D18BCDF187A /* Pods_Covid19App.framework */; };
/* End PBXBuildFile section */

/* Begin PBXContainerItemProxy section */
		84027A0625ADA68E00890DF0 /* PBXContainerItemProxy */ = {
			isa = PBXContainerItemProxy;
			containerPortal = 84192A3425557DBF002C635E /* Project object */;
			proxyType = 1;
			remoteGlobalIDString = 84192A3B25557DBF002C635E;
			remoteInfo = Covid19App;
		};
/* End PBXContainerItemProxy section */

/* Begin PBXFileReference section */
		08832C638C48D515A25A6E32 /* Pods-Covid19App.release.xcconfig */ = {isa = PBXFileReference; includeInIndex = 1; lastKnownFileType = text.xcconfig; name = "Pods-Covid19App.release.xcconfig"; path = "Target Support Files/Pods-Covid19App/Pods-Covid19App.release.xcconfig"; sourceTree = "<group>"; };
		0990D3A80441D71D990309C0 /* Pods_Covid19AppTests.framework */ = {isa = PBXFileReference; explicitFileType = wrapper.framework; includeInIndex = 0; path = Pods_Covid19AppTests.framework; sourceTree = BUILT_PRODUCTS_DIR; };
		83AF028B0AE21D4A94F1EE75 /* Pods-Covid19App.debug.xcconfig */ = {isa = PBXFileReference; includeInIndex = 1; lastKnownFileType = text.xcconfig; name = "Pods-Covid19App.debug.xcconfig"; path = "Target Support Files/Pods-Covid19App/Pods-Covid19App.debug.xcconfig"; sourceTree = "<group>"; };
		84027A0125ADA68E00890DF0 /* Covid19AppTests.xctest */ = {isa = PBXFileReference; explicitFileType = wrapper.cfbundle; includeInIndex = 0; path = Covid19AppTests.xctest; sourceTree = BUILT_PRODUCTS_DIR; };
		84027A0325ADA68E00890DF0 /* Covid19AppTests.swift */ = {isa = PBXFileReference; lastKnownFileType = sourcecode.swift; path = Covid19AppTests.swift; sourceTree = "<group>"; };
		84027A0525ADA68E00890DF0 /* Info.plist */ = {isa = PBXFileReference; lastKnownFileType = text.plist.xml; path = Info.plist; sourceTree = "<group>"; };
		84029AD5255983C20069B5BF /* CountingLabel.swift */ = {isa = PBXFileReference; lastKnownFileType = sourcecode.swift; path = CountingLabel.swift; sourceTree = "<group>"; };
		840979AC257FA6FE00B274E5 /* CountryLabelTableViewCell.swift */ = {isa = PBXFileReference; lastKnownFileType = sourcecode.swift; path = CountryLabelTableViewCell.swift; sourceTree = "<group>"; };
		840979AD257FA6FE00B274E5 /* CountryLabelTableViewCell.xib */ = {isa = PBXFileReference; lastKnownFileType = file.xib; path = CountryLabelTableViewCell.xib; sourceTree = "<group>"; };
		84192A3C25557DBF002C635E /* Covid19App.app */ = {isa = PBXFileReference; explicitFileType = wrapper.application; includeInIndex = 0; path = Covid19App.app; sourceTree = BUILT_PRODUCTS_DIR; };
		84192A3F25557DBF002C635E /* AppDelegate.swift */ = {isa = PBXFileReference; lastKnownFileType = sourcecode.swift; path = AppDelegate.swift; sourceTree = "<group>"; };
		84192A4125557DBF002C635E /* SceneDelegate.swift */ = {isa = PBXFileReference; lastKnownFileType = sourcecode.swift; path = SceneDelegate.swift; sourceTree = "<group>"; };
		84192A4625557DBF002C635E /* Base */ = {isa = PBXFileReference; lastKnownFileType = file.storyboard; name = Base; path = Base.lproj/Main.storyboard; sourceTree = "<group>"; };
		84192A4825557DC3002C635E /* Assets.xcassets */ = {isa = PBXFileReference; lastKnownFileType = folder.assetcatalog; path = Assets.xcassets; sourceTree = "<group>"; };
		84192A4B25557DC3002C635E /* Base */ = {isa = PBXFileReference; lastKnownFileType = file.storyboard; name = Base; path = Base.lproj/LaunchScreen.storyboard; sourceTree = "<group>"; };
		84192A4D25557DC3002C635E /* Info.plist */ = {isa = PBXFileReference; lastKnownFileType = text.plist.xml; path = Info.plist; sourceTree = "<group>"; };
		842862DB257F7E40003FB365 /* SecondTableViewController.swift */ = {isa = PBXFileReference; lastKnownFileType = sourcecode.swift; path = SecondTableViewController.swift; sourceTree = "<group>"; };
		84348F3E256FF44E00AD7093 /* TabBarController.swift */ = {isa = PBXFileReference; lastKnownFileType = sourcecode.swift; path = TabBarController.swift; sourceTree = "<group>"; };
		844EB444257E3B58002C44E4 /* TableViewController.swift */ = {isa = PBXFileReference; lastKnownFileType = sourcecode.swift; path = TableViewController.swift; sourceTree = "<group>"; };
		844EB448257E4B25002C44E4 /* TableViewCell.swift */ = {isa = PBXFileReference; lastKnownFileType = sourcecode.swift; path = TableViewCell.swift; sourceTree = "<group>"; };
		844EB449257E4B26002C44E4 /* TableViewCell.xib */ = {isa = PBXFileReference; lastKnownFileType = file.xib; path = TableViewCell.xib; sourceTree = "<group>"; };
		8477492C25C2C2B8003C21C0 /* WebMapViewController.swift */ = {isa = PBXFileReference; lastKnownFileType = sourcecode.swift; path = WebMapViewController.swift; sourceTree = "<group>"; };
		84B507CA255EAE53009278C0 /* Formatter+Extensions.swift */ = {isa = PBXFileReference; lastKnownFileType = sourcecode.swift; path = "Formatter+Extensions.swift"; sourceTree = "<group>"; };
		84B507CD255EAE99009278C0 /* Int+Extensions.swift */ = {isa = PBXFileReference; lastKnownFileType = sourcecode.swift; path = "Int+Extensions.swift"; sourceTree = "<group>"; };
		84CF620A25AF4C1000402273 /* GoogleMobileAds.xcframework */ = {isa = PBXFileReference; lastKnownFileType = wrapper.xcframework; name = GoogleMobileAds.xcframework; path = "Pods/Google-Mobile-Ads-SDK/Frameworks/GoogleMobileAdsFramework-Current/GoogleMobileAds.xcframework"; sourceTree = "<group>"; };
		84E6740A255D372A0069E3CE /* URLComposerAndDownload.swift */ = {isa = PBXFileReference; lastKnownFileType = sourcecode.swift; path = URLComposerAndDownload.swift; sourceTree = "<group>"; };
		84E6740E255D49520069E3CE /* Model.swift */ = {isa = PBXFileReference; lastKnownFileType = sourcecode.swift; path = Model.swift; sourceTree = "<group>"; };
		84F099EF2570E8B900CA5E21 /* SelectCountryViewController.swift */ = {isa = PBXFileReference; lastKnownFileType = sourcecode.swift; path = SelectCountryViewController.swift; sourceTree = "<group>"; };
		B234B208BCDE0D18BCDF187A /* Pods_Covid19App.framework */ = {isa = PBXFileReference; explicitFileType = wrapper.framework; includeInIndex = 0; path = Pods_Covid19App.framework; sourceTree = BUILT_PRODUCTS_DIR; };
		E77C74D05D9E93BDB91102AD /* Pods-Covid19AppTests.debug.xcconfig */ = {isa = PBXFileReference; includeInIndex = 1; lastKnownFileType = text.xcconfig; name = "Pods-Covid19AppTests.debug.xcconfig"; path = "Target Support Files/Pods-Covid19AppTests/Pods-Covid19AppTests.debug.xcconfig"; sourceTree = "<group>"; };
		F12FA584AA83C4FEE68B44B6 /* Pods-Covid19AppTests.release.xcconfig */ = {isa = PBXFileReference; includeInIndex = 1; lastKnownFileType = text.xcconfig; name = "Pods-Covid19AppTests.release.xcconfig"; path = "Target Support Files/Pods-Covid19AppTests/Pods-Covid19AppTests.release.xcconfig"; sourceTree = "<group>"; };
/* End PBXFileReference section */

/* Begin PBXFrameworksBuildPhase section */
		840279FE25ADA68E00890DF0 /* Frameworks */ = {
			isa = PBXFrameworksBuildPhase;
			buildActionMask = 2147483647;
			files = (
				3E8CBEA64D62AEED2D3AD5A4 /* Pods_Covid19AppTests.framework in Frameworks */,
			);
			runOnlyForDeploymentPostprocessing = 0;
		};
		84192A3925557DBF002C635E /* Frameworks */ = {
			isa = PBXFrameworksBuildPhase;
			buildActionMask = 2147483647;
			files = (
				84CF620B25AF4C1000402273 /* GoogleMobileAds.xcframework in Frameworks */,
				BC098CFE091D824F6C9CC982 /* Pods_Covid19App.framework in Frameworks */,
			);
			runOnlyForDeploymentPostprocessing = 0;
		};
/* End PBXFrameworksBuildPhase section */

/* Begin PBXGroup section */
		84027A0225ADA68E00890DF0 /* Covid19AppTests */ = {
			isa = PBXGroup;
			children = (
				84027A0325ADA68E00890DF0 /* Covid19AppTests.swift */,
				84027A0525ADA68E00890DF0 /* Info.plist */,
			);
			path = Covid19AppTests;
			sourceTree = "<group>";
		};
		84029AD4255983A00069B5BF /* Extensions */ = {
			isa = PBXGroup;
			children = (
				84029AD5255983C20069B5BF /* CountingLabel.swift */,
				84B507CA255EAE53009278C0 /* Formatter+Extensions.swift */,
				84B507CD255EAE99009278C0 /* Int+Extensions.swift */,
			);
			path = Extensions;
			sourceTree = "<group>";
		};
		8415657A2563E63100A0E055 /* SecondViewController */ = {
			isa = PBXGroup;
			children = (
				842862DB257F7E40003FB365 /* SecondTableViewController.swift */,
			);
			path = SecondViewController;
			sourceTree = "<group>";
		};
		84192A3325557DBF002C635E = {
			isa = PBXGroup;
			children = (
				84192A3E25557DBF002C635E /* Covid19App */,
				84027A0225ADA68E00890DF0 /* Covid19AppTests */,
				84192A3D25557DBF002C635E /* Products */,
				9129DBF4D0466487627040AC /* Pods */,
				A00961E85D8A0AC4C156AEB0 /* Frameworks */,
			);
			sourceTree = "<group>";
		};
		84192A3D25557DBF002C635E /* Products */ = {
			isa = PBXGroup;
			children = (
				84192A3C25557DBF002C635E /* Covid19App.app */,
				84027A0125ADA68E00890DF0 /* Covid19AppTests.xctest */,
			);
			name = Products;
			sourceTree = "<group>";
		};
		84192A3E25557DBF002C635E /* Covid19App */ = {
			isa = PBXGroup;
			children = (
				84348F3D256FF40300AD7093 /* TabBarController */,
				84E6740D255D493F0069E3CE /* Model */,
				84E67409255D37000069E3CE /* URLComposerAndDownload */,
				84029AD4255983A00069B5BF /* Extensions */,
				842862DE257F8361003FB365 /* TableViewCell */,
				84192A5725557EA5002C635E /* MainViewController */,
				8415657A2563E63100A0E055 /* SecondViewController */,
				84F099ED2570E87C00CA5E21 /* SelectCountryViewController */,
				8477492B25C2C27F003C21C0 /* WebMapViewController */,
				84192A5625557E85002C635E /* STORYBOARD */,
				84192A3F25557DBF002C635E /* AppDelegate.swift */,
				84192A4125557DBF002C635E /* SceneDelegate.swift */,
				84192A4825557DC3002C635E /* Assets.xcassets */,
				84192A4A25557DC3002C635E /* LaunchScreen.storyboard */,
				84192A4D25557DC3002C635E /* Info.plist */,
			);
			path = Covid19App;
			sourceTree = "<group>";
		};
		84192A5625557E85002C635E /* STORYBOARD */ = {
			isa = PBXGroup;
			children = (
				84192A4525557DBF002C635E /* Main.storyboard */,
			);
			path = STORYBOARD;
			sourceTree = "<group>";
		};
		84192A5725557EA5002C635E /* MainViewController */ = {
			isa = PBXGroup;
			children = (
				844EB444257E3B58002C44E4 /* TableViewController.swift */,
			);
			path = MainViewController;
			sourceTree = "<group>";
		};
		842862DE257F8361003FB365 /* TableViewCell */ = {
			isa = PBXGroup;
			children = (
				844EB448257E4B25002C44E4 /* TableViewCell.swift */,
				844EB449257E4B26002C44E4 /* TableViewCell.xib */,
				840979AC257FA6FE00B274E5 /* CountryLabelTableViewCell.swift */,
				840979AD257FA6FE00B274E5 /* CountryLabelTableViewCell.xib */,
			);
			path = TableViewCell;
			sourceTree = "<group>";
		};
		84348F3D256FF40300AD7093 /* TabBarController */ = {
			isa = PBXGroup;
			children = (
				84348F3E256FF44E00AD7093 /* TabBarController.swift */,
			);
			path = TabBarController;
			sourceTree = "<group>";
		};
		8477492B25C2C27F003C21C0 /* WebMapViewController */ = {
			isa = PBXGroup;
			children = (
				8477492C25C2C2B8003C21C0 /* WebMapViewController.swift */,
			);
			path = WebMapViewController;
			sourceTree = "<group>";
		};
		84E67409255D37000069E3CE /* URLComposerAndDownload */ = {
			isa = PBXGroup;
			children = (
				84E6740A255D372A0069E3CE /* URLComposerAndDownload.swift */,
			);
			path = URLComposerAndDownload;
			sourceTree = "<group>";
		};
		84E6740D255D493F0069E3CE /* Model */ = {
			isa = PBXGroup;
			children = (
				84E6740E255D49520069E3CE /* Model.swift */,
			);
			path = Model;
			sourceTree = "<group>";
		};
		84F099ED2570E87C00CA5E21 /* SelectCountryViewController */ = {
			isa = PBXGroup;
			children = (
				84F099EF2570E8B900CA5E21 /* SelectCountryViewController.swift */,
			);
			path = SelectCountryViewController;
			sourceTree = "<group>";
		};
		9129DBF4D0466487627040AC /* Pods */ = {
			isa = PBXGroup;
			children = (
				83AF028B0AE21D4A94F1EE75 /* Pods-Covid19App.debug.xcconfig */,
				08832C638C48D515A25A6E32 /* Pods-Covid19App.release.xcconfig */,
				E77C74D05D9E93BDB91102AD /* Pods-Covid19AppTests.debug.xcconfig */,
				F12FA584AA83C4FEE68B44B6 /* Pods-Covid19AppTests.release.xcconfig */,
			);
			path = Pods;
			sourceTree = "<group>";
		};
		A00961E85D8A0AC4C156AEB0 /* Frameworks */ = {
			isa = PBXGroup;
			children = (
				84CF620A25AF4C1000402273 /* GoogleMobileAds.xcframework */,
				B234B208BCDE0D18BCDF187A /* Pods_Covid19App.framework */,
				0990D3A80441D71D990309C0 /* Pods_Covid19AppTests.framework */,
			);
			name = Frameworks;
			sourceTree = "<group>";
		};
/* End PBXGroup section */

/* Begin PBXNativeTarget section */
		84027A0025ADA68E00890DF0 /* Covid19AppTests */ = {
			isa = PBXNativeTarget;
			buildConfigurationList = 84027A0A25ADA68E00890DF0 /* Build configuration list for PBXNativeTarget "Covid19AppTests" */;
			buildPhases = (
				7444DFC0107C7A58805A4715 /* [CP] Check Pods Manifest.lock */,
				840279FD25ADA68E00890DF0 /* Sources */,
				840279FE25ADA68E00890DF0 /* Frameworks */,
				840279FF25ADA68E00890DF0 /* Resources */,
			);
			buildRules = (
			);
			dependencies = (
				84027A0725ADA68E00890DF0 /* PBXTargetDependency */,
			);
			name = Covid19AppTests;
			productName = Covid19AppTests;
			productReference = 84027A0125ADA68E00890DF0 /* Covid19AppTests.xctest */;
			productType = "com.apple.product-type.bundle.unit-test";
		};
		84192A3B25557DBF002C635E /* Covid19App */ = {
			isa = PBXNativeTarget;
			buildConfigurationList = 84192A5025557DC3002C635E /* Build configuration list for PBXNativeTarget "Covid19App" */;
			buildPhases = (
				9F49DF50C739AA53E5BA8FB4 /* [CP] Check Pods Manifest.lock */,
				84192A3825557DBF002C635E /* Sources */,
				84192A3925557DBF002C635E /* Frameworks */,
				84192A3A25557DBF002C635E /* Resources */,
				89866451B98A9F2A72FA5421 /* [CP] Embed Pods Frameworks */,
			);
			buildRules = (
			);
			dependencies = (
			);
			name = Covid19App;
			productName = Covid19App;
			productReference = 84192A3C25557DBF002C635E /* Covid19App.app */;
			productType = "com.apple.product-type.application";
		};
/* End PBXNativeTarget section */

/* Begin PBXProject section */
		84192A3425557DBF002C635E /* Project object */ = {
			isa = PBXProject;
			attributes = {
				LastSwiftUpdateCheck = 1230;
				LastUpgradeCheck = 1210;
				TargetAttributes = {
					84027A0025ADA68E00890DF0 = {
						CreatedOnToolsVersion = 12.3;
						TestTargetID = 84192A3B25557DBF002C635E;
					};
					84192A3B25557DBF002C635E = {
						CreatedOnToolsVersion = 12.1;
					};
				};
			};
			buildConfigurationList = 84192A3725557DBF002C635E /* Build configuration list for PBXProject "Covid19App" */;
			compatibilityVersion = "Xcode 12.0";
			developmentRegion = en;
			hasScannedForEncodings = 0;
			knownRegions = (
				en,
				Base,
			);
			mainGroup = 84192A3325557DBF002C635E;
			productRefGroup = 84192A3D25557DBF002C635E /* Products */;
			projectDirPath = "";
			projectRoot = "";
			targets = (
				84192A3B25557DBF002C635E /* Covid19App */,
				84027A0025ADA68E00890DF0 /* Covid19AppTests */,
			);
		};
/* End PBXProject section */

/* Begin PBXResourcesBuildPhase section */
		840279FF25ADA68E00890DF0 /* Resources */ = {
			isa = PBXResourcesBuildPhase;
			buildActionMask = 2147483647;
			files = (
			);
			runOnlyForDeploymentPostprocessing = 0;
		};
		84192A3A25557DBF002C635E /* Resources */ = {
			isa = PBXResourcesBuildPhase;
			buildActionMask = 2147483647;
			files = (
				84192A4C25557DC3002C635E /* LaunchScreen.storyboard in Resources */,
				844EB44B257E4B26002C44E4 /* TableViewCell.xib in Resources */,
				840979AF257FA6FE00B274E5 /* CountryLabelTableViewCell.xib in Resources */,
				84192A4925557DC3002C635E /* Assets.xcassets in Resources */,
				84192A4725557DBF002C635E /* Main.storyboard in Resources */,
			);
			runOnlyForDeploymentPostprocessing = 0;
		};
/* End PBXResourcesBuildPhase section */

/* Begin PBXShellScriptBuildPhase section */
		7444DFC0107C7A58805A4715 /* [CP] Check Pods Manifest.lock */ = {
			isa = PBXShellScriptBuildPhase;
			buildActionMask = 2147483647;
			files = (
			);
			inputFileListPaths = (
			);
			inputPaths = (
				"${PODS_PODFILE_DIR_PATH}/Podfile.lock",
				"${PODS_ROOT}/Manifest.lock",
			);
			name = "[CP] Check Pods Manifest.lock";
			outputFileListPaths = (
			);
			outputPaths = (
				"$(DERIVED_FILE_DIR)/Pods-Covid19AppTests-checkManifestLockResult.txt",
			);
			runOnlyForDeploymentPostprocessing = 0;
			shellPath = /bin/sh;
			shellScript = "diff \"${PODS_PODFILE_DIR_PATH}/Podfile.lock\" \"${PODS_ROOT}/Manifest.lock\" > /dev/null\nif [ $? != 0 ] ; then\n    # print error to STDERR\n    echo \"error: The sandbox is not in sync with the Podfile.lock. Run 'pod install' or update your CocoaPods installation.\" >&2\n    exit 1\nfi\n# This output is used by Xcode 'outputs' to avoid re-running this script phase.\necho \"SUCCESS\" > \"${SCRIPT_OUTPUT_FILE_0}\"\n";
			showEnvVarsInLog = 0;
		};
		89866451B98A9F2A72FA5421 /* [CP] Embed Pods Frameworks */ = {
			isa = PBXShellScriptBuildPhase;
			buildActionMask = 2147483647;
			files = (
			);
			inputFileListPaths = (
				"${PODS_ROOT}/Target Support Files/Pods-Covid19App/Pods-Covid19App-frameworks-${CONFIGURATION}-input-files.xcfilelist",
			);
			name = "[CP] Embed Pods Frameworks";
			outputFileListPaths = (
				"${PODS_ROOT}/Target Support Files/Pods-Covid19App/Pods-Covid19App-frameworks-${CONFIGURATION}-output-files.xcfilelist",
			);
			runOnlyForDeploymentPostprocessing = 0;
			shellPath = /bin/sh;
			shellScript = "\"${PODS_ROOT}/Target Support Files/Pods-Covid19App/Pods-Covid19App-frameworks.sh\"\n";
			showEnvVarsInLog = 0;
		};
		9F49DF50C739AA53E5BA8FB4 /* [CP] Check Pods Manifest.lock */ = {
			isa = PBXShellScriptBuildPhase;
			buildActionMask = 2147483647;
			files = (
			);
			inputFileListPaths = (
			);
			inputPaths = (
				"${PODS_PODFILE_DIR_PATH}/Podfile.lock",
				"${PODS_ROOT}/Manifest.lock",
			);
			name = "[CP] Check Pods Manifest.lock";
			outputFileListPaths = (
			);
			outputPaths = (
				"$(DERIVED_FILE_DIR)/Pods-Covid19App-checkManifestLockResult.txt",
			);
			runOnlyForDeploymentPostprocessing = 0;
			shellPath = /bin/sh;
			shellScript = "diff \"${PODS_PODFILE_DIR_PATH}/Podfile.lock\" \"${PODS_ROOT}/Manifest.lock\" > /dev/null\nif [ $? != 0 ] ; then\n    # print error to STDERR\n    echo \"error: The sandbox is not in sync with the Podfile.lock. Run 'pod install' or update your CocoaPods installation.\" >&2\n    exit 1\nfi\n# This output is used by Xcode 'outputs' to avoid re-running this script phase.\necho \"SUCCESS\" > \"${SCRIPT_OUTPUT_FILE_0}\"\n";
			showEnvVarsInLog = 0;
		};
/* End PBXShellScriptBuildPhase section */

/* Begin PBXSourcesBuildPhase section */
		840279FD25ADA68E00890DF0 /* Sources */ = {
			isa = PBXSourcesBuildPhase;
			buildActionMask = 2147483647;
			files = (
				84027A0425ADA68E00890DF0 /* Covid19AppTests.swift in Sources */,
			);
			runOnlyForDeploymentPostprocessing = 0;
		};
		84192A3825557DBF002C635E /* Sources */ = {
			isa = PBXSourcesBuildPhase;
			buildActionMask = 2147483647;
			files = (
				844EB44A257E4B26002C44E4 /* TableViewCell.swift in Sources */,
				84029AD6255983C20069B5BF /* CountingLabel.swift in Sources */,
				84192A4025557DBF002C635E /* AppDelegate.swift in Sources */,
				84348F3F256FF44E00AD7093 /* TabBarController.swift in Sources */,
				8477492D25C2C2B8003C21C0 /* WebMapViewController.swift in Sources */,
				844EB445257E3B58002C44E4 /* TableViewController.swift in Sources */,
				840979AE257FA6FE00B274E5 /* CountryLabelTableViewCell.swift in Sources */,
				84F099F02570E8B900CA5E21 /* SelectCountryViewController.swift in Sources */,
				84E6740F255D49520069E3CE /* Model.swift in Sources */,
				84B507CB255EAE53009278C0 /* Formatter+Extensions.swift in Sources */,
				84B507CE255EAE99009278C0 /* Int+Extensions.swift in Sources */,
				842862DC257F7E40003FB365 /* SecondTableViewController.swift in Sources */,
				84E6740B255D372A0069E3CE /* URLComposerAndDownload.swift in Sources */,
				84192A4225557DBF002C635E /* SceneDelegate.swift in Sources */,
			);
			runOnlyForDeploymentPostprocessing = 0;
		};
/* End PBXSourcesBuildPhase section */

/* Begin PBXTargetDependency section */
		84027A0725ADA68E00890DF0 /* PBXTargetDependency */ = {
			isa = PBXTargetDependency;
			target = 84192A3B25557DBF002C635E /* Covid19App */;
			targetProxy = 84027A0625ADA68E00890DF0 /* PBXContainerItemProxy */;
		};
/* End PBXTargetDependency section */

/* Begin PBXVariantGroup section */
		84192A4525557DBF002C635E /* Main.storyboard */ = {
			isa = PBXVariantGroup;
			children = (
				84192A4625557DBF002C635E /* Base */,
			);
			name = Main.storyboard;
			sourceTree = "<group>";
		};
		84192A4A25557DC3002C635E /* LaunchScreen.storyboard */ = {
			isa = PBXVariantGroup;
			children = (
				84192A4B25557DC3002C635E /* Base */,
			);
			name = LaunchScreen.storyboard;
			sourceTree = "<group>";
		};
/* End PBXVariantGroup section */

/* Begin XCBuildConfiguration section */
		84027A0825ADA68E00890DF0 /* Debug */ = {
			isa = XCBuildConfiguration;
			baseConfigurationReference = E77C74D05D9E93BDB91102AD /* Pods-Covid19AppTests.debug.xcconfig */;
			buildSettings = {
				BUNDLE_LOADER = "$(TEST_HOST)";
				CODE_SIGN_STYLE = Automatic;
				DEVELOPMENT_TEAM = 9XZ8K6UUAV;
				INFOPLIST_FILE = Covid19AppTests/Info.plist;
				IPHONEOS_DEPLOYMENT_TARGET = 14.3;
				LD_RUNPATH_SEARCH_PATHS = (
					"$(inherited)",
					"@executable_path/Frameworks",
					"@loader_path/Frameworks",
				);
				PRODUCT_BUNDLE_IDENTIFIER = Vachko.Covid19AppTests;
				PRODUCT_NAME = "$(TARGET_NAME)";
				SWIFT_VERSION = 5.0;
				TARGETED_DEVICE_FAMILY = "1,2";
				TEST_HOST = "$(BUILT_PRODUCTS_DIR)/Covid19App.app/Covid19App";
			};
			name = Debug;
		};
		84027A0925ADA68E00890DF0 /* Release */ = {
			isa = XCBuildConfiguration;
			baseConfigurationReference = F12FA584AA83C4FEE68B44B6 /* Pods-Covid19AppTests.release.xcconfig */;
			buildSettings = {
				BUNDLE_LOADER = "$(TEST_HOST)";
				CODE_SIGN_STYLE = Automatic;
				DEVELOPMENT_TEAM = 9XZ8K6UUAV;
				INFOPLIST_FILE = Covid19AppTests/Info.plist;
				IPHONEOS_DEPLOYMENT_TARGET = 14.3;
				LD_RUNPATH_SEARCH_PATHS = (
					"$(inherited)",
					"@executable_path/Frameworks",
					"@loader_path/Frameworks",
				);
				PRODUCT_BUNDLE_IDENTIFIER = Vachko.Covid19AppTests;
				PRODUCT_NAME = "$(TARGET_NAME)";
				SWIFT_VERSION = 5.0;
				TARGETED_DEVICE_FAMILY = "1,2";
				TEST_HOST = "$(BUILT_PRODUCTS_DIR)/Covid19App.app/Covid19App";
			};
			name = Release;
		};
		84192A4E25557DC3002C635E /* Debug */ = {
			isa = XCBuildConfiguration;
			buildSettings = {
				ALWAYS_SEARCH_USER_PATHS = NO;
				CLANG_ANALYZER_NONNULL = YES;
				CLANG_ANALYZER_NUMBER_OBJECT_CONVERSION = YES_AGGRESSIVE;
				CLANG_CXX_LANGUAGE_STANDARD = "gnu++14";
				CLANG_CXX_LIBRARY = "libc++";
				CLANG_ENABLE_MODULES = YES;
				CLANG_ENABLE_OBJC_ARC = YES;
				CLANG_ENABLE_OBJC_WEAK = YES;
				CLANG_WARN_BLOCK_CAPTURE_AUTORELEASING = YES;
				CLANG_WARN_BOOL_CONVERSION = YES;
				CLANG_WARN_COMMA = YES;
				CLANG_WARN_CONSTANT_CONVERSION = YES;
				CLANG_WARN_DEPRECATED_OBJC_IMPLEMENTATIONS = YES;
				CLANG_WARN_DIRECT_OBJC_ISA_USAGE = YES_ERROR;
				CLANG_WARN_DOCUMENTATION_COMMENTS = YES;
				CLANG_WARN_EMPTY_BODY = YES;
				CLANG_WARN_ENUM_CONVERSION = YES;
				CLANG_WARN_INFINITE_RECURSION = YES;
				CLANG_WARN_INT_CONVERSION = YES;
				CLANG_WARN_NON_LITERAL_NULL_CONVERSION = YES;
				CLANG_WARN_OBJC_IMPLICIT_RETAIN_SELF = YES;
				CLANG_WARN_OBJC_LITERAL_CONVERSION = YES;
				CLANG_WARN_OBJC_ROOT_CLASS = YES_ERROR;
				CLANG_WARN_QUOTED_INCLUDE_IN_FRAMEWORK_HEADER = YES;
				CLANG_WARN_RANGE_LOOP_ANALYSIS = YES;
				CLANG_WARN_STRICT_PROTOTYPES = YES;
				CLANG_WARN_SUSPICIOUS_MOVE = YES;
				CLANG_WARN_UNGUARDED_AVAILABILITY = YES_AGGRESSIVE;
				CLANG_WARN_UNREACHABLE_CODE = YES;
				CLANG_WARN__DUPLICATE_METHOD_MATCH = YES;
				COPY_PHASE_STRIP = NO;
				DEBUG_INFORMATION_FORMAT = dwarf;
				ENABLE_STRICT_OBJC_MSGSEND = YES;
				ENABLE_TESTABILITY = YES;
				GCC_C_LANGUAGE_STANDARD = gnu11;
				GCC_DYNAMIC_NO_PIC = NO;
				GCC_NO_COMMON_BLOCKS = YES;
				GCC_OPTIMIZATION_LEVEL = 0;
				GCC_PREPROCESSOR_DEFINITIONS = (
					"DEBUG=1",
					"$(inherited)",
				);
				GCC_WARN_64_TO_32_BIT_CONVERSION = YES;
				GCC_WARN_ABOUT_RETURN_TYPE = YES_ERROR;
				GCC_WARN_UNDECLARED_SELECTOR = YES;
				GCC_WARN_UNINITIALIZED_AUTOS = YES_AGGRESSIVE;
				GCC_WARN_UNUSED_FUNCTION = YES;
				GCC_WARN_UNUSED_VARIABLE = YES;
				IPHONEOS_DEPLOYMENT_TARGET = 14.1;
				MTL_ENABLE_DEBUG_INFO = INCLUDE_SOURCE;
				MTL_FAST_MATH = YES;
				ONLY_ACTIVE_ARCH = YES;
				SDKROOT = iphoneos;
				SWIFT_ACTIVE_COMPILATION_CONDITIONS = DEBUG;
				SWIFT_OPTIMIZATION_LEVEL = "-Onone";
			};
			name = Debug;
		};
		84192A4F25557DC3002C635E /* Release */ = {
			isa = XCBuildConfiguration;
			buildSettings = {
				ALWAYS_SEARCH_USER_PATHS = NO;
				CLANG_ANALYZER_NONNULL = YES;
				CLANG_ANALYZER_NUMBER_OBJECT_CONVERSION = YES_AGGRESSIVE;
				CLANG_CXX_LANGUAGE_STANDARD = "gnu++14";
				CLANG_CXX_LIBRARY = "libc++";
				CLANG_ENABLE_MODULES = YES;
				CLANG_ENABLE_OBJC_ARC = YES;
				CLANG_ENABLE_OBJC_WEAK = YES;
				CLANG_WARN_BLOCK_CAPTURE_AUTORELEASING = YES;
				CLANG_WARN_BOOL_CONVERSION = YES;
				CLANG_WARN_COMMA = YES;
				CLANG_WARN_CONSTANT_CONVERSION = YES;
				CLANG_WARN_DEPRECATED_OBJC_IMPLEMENTATIONS = YES;
				CLANG_WARN_DIRECT_OBJC_ISA_USAGE = YES_ERROR;
				CLANG_WARN_DOCUMENTATION_COMMENTS = YES;
				CLANG_WARN_EMPTY_BODY = YES;
				CLANG_WARN_ENUM_CONVERSION = YES;
				CLANG_WARN_INFINITE_RECURSION = YES;
				CLANG_WARN_INT_CONVERSION = YES;
				CLANG_WARN_NON_LITERAL_NULL_CONVERSION = YES;
				CLANG_WARN_OBJC_IMPLICIT_RETAIN_SELF = YES;
				CLANG_WARN_OBJC_LITERAL_CONVERSION = YES;
				CLANG_WARN_OBJC_ROOT_CLASS = YES_ERROR;
				CLANG_WARN_QUOTED_INCLUDE_IN_FRAMEWORK_HEADER = YES;
				CLANG_WARN_RANGE_LOOP_ANALYSIS = YES;
				CLANG_WARN_STRICT_PROTOTYPES = YES;
				CLANG_WARN_SUSPICIOUS_MOVE = YES;
				CLANG_WARN_UNGUARDED_AVAILABILITY = YES_AGGRESSIVE;
				CLANG_WARN_UNREACHABLE_CODE = YES;
				CLANG_WARN__DUPLICATE_METHOD_MATCH = YES;
				COPY_PHASE_STRIP = NO;
				DEBUG_INFORMATION_FORMAT = "dwarf-with-dsym";
				ENABLE_NS_ASSERTIONS = NO;
				ENABLE_STRICT_OBJC_MSGSEND = YES;
				GCC_C_LANGUAGE_STANDARD = gnu11;
				GCC_NO_COMMON_BLOCKS = YES;
				GCC_WARN_64_TO_32_BIT_CONVERSION = YES;
				GCC_WARN_ABOUT_RETURN_TYPE = YES_ERROR;
				GCC_WARN_UNDECLARED_SELECTOR = YES;
				GCC_WARN_UNINITIALIZED_AUTOS = YES_AGGRESSIVE;
				GCC_WARN_UNUSED_FUNCTION = YES;
				GCC_WARN_UNUSED_VARIABLE = YES;
				IPHONEOS_DEPLOYMENT_TARGET = 14.1;
				MTL_ENABLE_DEBUG_INFO = NO;
				MTL_FAST_MATH = YES;
				SDKROOT = iphoneos;
				SWIFT_COMPILATION_MODE = wholemodule;
				SWIFT_OPTIMIZATION_LEVEL = "-O";
				VALIDATE_PRODUCT = YES;
			};
			name = Release;
		};
		84192A5125557DC3002C635E /* Debug */ = {
			isa = XCBuildConfiguration;
			baseConfigurationReference = 83AF028B0AE21D4A94F1EE75 /* Pods-Covid19App.debug.xcconfig */;
			buildSettings = {
				ASSETCATALOG_COMPILER_APPICON_NAME = AppIcon;
				ASSETCATALOG_COMPILER_GLOBAL_ACCENT_COLOR_NAME = AccentColor;
				CODE_SIGN_STYLE = Automatic;
				DEVELOPMENT_TEAM = 9XZ8K6UUAV;
				INFOPLIST_FILE = Covid19App/Info.plist;
				IPHONEOS_DEPLOYMENT_TARGET = 12.0;
				LD_RUNPATH_SEARCH_PATHS = (
					"$(inherited)",
					"@executable_path/Frameworks",
				);
				PRODUCT_BUNDLE_IDENTIFIER = Vachko.Covid19App;
				PRODUCT_NAME = "$(TARGET_NAME)";
				SWIFT_VERSION = 5.0;
				TARGETED_DEVICE_FAMILY = 1;
			};
			name = Debug;
		};
		84192A5225557DC3002C635E /* Release */ = {
			isa = XCBuildConfiguration;
			baseConfigurationReference = 08832C638C48D515A25A6E32 /* Pods-Covid19App.release.xcconfig */;
			buildSettings = {
				ASSETCATALOG_COMPILER_APPICON_NAME = AppIcon;
				ASSETCATALOG_COMPILER_GLOBAL_ACCENT_COLOR_NAME = AccentColor;
				CODE_SIGN_STYLE = Automatic;
				DEVELOPMENT_TEAM = 9XZ8K6UUAV;
				INFOPLIST_FILE = Covid19App/Info.plist;
				IPHONEOS_DEPLOYMENT_TARGET = 12.0;
				LD_RUNPATH_SEARCH_PATHS = (
					"$(inherited)",
					"@executable_path/Frameworks",
				);
				PRODUCT_BUNDLE_IDENTIFIER = Vachko.Covid19App;
				PRODUCT_NAME = "$(TARGET_NAME)";
				SWIFT_VERSION = 5.0;
				TARGETED_DEVICE_FAMILY = 1;
			};
			name = Release;
		};
/* End XCBuildConfiguration section */

/* Begin XCConfigurationList section */
		84027A0A25ADA68E00890DF0 /* Build configuration list for PBXNativeTarget "Covid19AppTests" */ = {
			isa = XCConfigurationList;
			buildConfigurations = (
				84027A0825ADA68E00890DF0 /* Debug */,
				84027A0925ADA68E00890DF0 /* Release */,
			);
			defaultConfigurationIsVisible = 0;
			defaultConfigurationName = Release;
		};
		84192A3725557DBF002C635E /* Build configuration list for PBXProject "Covid19App" */ = {
			isa = XCConfigurationList;
			buildConfigurations = (
				84192A4E25557DC3002C635E /* Debug */,
				84192A4F25557DC3002C635E /* Release */,
			);
			defaultConfigurationIsVisible = 0;
			defaultConfigurationName = Release;
		};
		84192A5025557DC3002C635E /* Build configuration list for PBXNativeTarget "Covid19App" */ = {
			isa = XCConfigurationList;
			buildConfigurations = (
				84192A5125557DC3002C635E /* Debug */,
				84192A5225557DC3002C635E /* Release */,
			);
			defaultConfigurationIsVisible = 0;
			defaultConfigurationName = Release;
		};
/* End XCConfigurationList section */
	};
	rootObject = 84192A3425557DBF002C635E /* Project object */;
}
