// !$*UTF8*$!
{
	archiveVersion = 1;
	classes = {
	};
	objectVersion = 50;
	objects = {

/* Begin PBXBuildFile section */
		84029AD6255983C20069B5BF /* CountingLabel.swift in Sources */ = {isa = PBXBuildFile; fileRef = 84029AD5255983C20069B5BF /* CountingLabel.swift */; };
		8415657C2563E65800A0E055 /* SecondViewController.swift in Sources */ = {isa = PBXBuildFile; fileRef = 8415657B2563E65800A0E055 /* SecondViewController.swift */; };
		84192A4025557DBF002C635E /* AppDelegate.swift in Sources */ = {isa = PBXBuildFile; fileRef = 84192A3F25557DBF002C635E /* AppDelegate.swift */; };
		84192A4225557DBF002C635E /* SceneDelegate.swift in Sources */ = {isa = PBXBuildFile; fileRef = 84192A4125557DBF002C635E /* SceneDelegate.swift */; };
		84192A4425557DBF002C635E /* ViewController.swift in Sources */ = {isa = PBXBuildFile; fileRef = 84192A4325557DBF002C635E /* ViewController.swift */; };
		84192A4725557DBF002C635E /* Main.storyboard in Resources */ = {isa = PBXBuildFile; fileRef = 84192A4525557DBF002C635E /* Main.storyboard */; };
		84192A4925557DC3002C635E /* Assets.xcassets in Resources */ = {isa = PBXBuildFile; fileRef = 84192A4825557DC3002C635E /* Assets.xcassets */; };
		84192A4C25557DC3002C635E /* LaunchScreen.storyboard in Resources */ = {isa = PBXBuildFile; fileRef = 84192A4A25557DC3002C635E /* LaunchScreen.storyboard */; };
		84B507CB255EAE53009278C0 /* Formatter+Extensions.swift in Sources */ = {isa = PBXBuildFile; fileRef = 84B507CA255EAE53009278C0 /* Formatter+Extensions.swift */; };
		84B507CE255EAE99009278C0 /* Int+Extensions.swift in Sources */ = {isa = PBXBuildFile; fileRef = 84B507CD255EAE99009278C0 /* Int+Extensions.swift */; };
		84E6740B255D372A0069E3CE /* URLComposerAndDownload.swift in Sources */ = {isa = PBXBuildFile; fileRef = 84E6740A255D372A0069E3CE /* URLComposerAndDownload.swift */; };
		84E6740F255D49520069E3CE /* Model.swift in Sources */ = {isa = PBXBuildFile; fileRef = 84E6740E255D49520069E3CE /* Model.swift */; };
/* End PBXBuildFile section */

/* Begin PBXFileReference section */
		84029AD5255983C20069B5BF /* CountingLabel.swift */ = {isa = PBXFileReference; lastKnownFileType = sourcecode.swift; path = CountingLabel.swift; sourceTree = "<group>"; };
		8415657B2563E65800A0E055 /* SecondViewController.swift */ = {isa = PBXFileReference; lastKnownFileType = sourcecode.swift; path = SecondViewController.swift; sourceTree = "<group>"; };
		84192A3C25557DBF002C635E /* Covid19App.app */ = {isa = PBXFileReference; explicitFileType = wrapper.application; includeInIndex = 0; path = Covid19App.app; sourceTree = BUILT_PRODUCTS_DIR; };
		84192A3F25557DBF002C635E /* AppDelegate.swift */ = {isa = PBXFileReference; lastKnownFileType = sourcecode.swift; path = AppDelegate.swift; sourceTree = "<group>"; };
		84192A4125557DBF002C635E /* SceneDelegate.swift */ = {isa = PBXFileReference; lastKnownFileType = sourcecode.swift; path = SceneDelegate.swift; sourceTree = "<group>"; };
		84192A4325557DBF002C635E /* ViewController.swift */ = {isa = PBXFileReference; lastKnownFileType = sourcecode.swift; path = ViewController.swift; sourceTree = "<group>"; };
		84192A4625557DBF002C635E /* Base */ = {isa = PBXFileReference; lastKnownFileType = file.storyboard; name = Base; path = Base.lproj/Main.storyboard; sourceTree = "<group>"; };
		84192A4825557DC3002C635E /* Assets.xcassets */ = {isa = PBXFileReference; lastKnownFileType = folder.assetcatalog; path = Assets.xcassets; sourceTree = "<group>"; };
		84192A4B25557DC3002C635E /* Base */ = {isa = PBXFileReference; lastKnownFileType = file.storyboard; name = Base; path = Base.lproj/LaunchScreen.storyboard; sourceTree = "<group>"; };
		84192A4D25557DC3002C635E /* Info.plist */ = {isa = PBXFileReference; lastKnownFileType = text.plist.xml; path = Info.plist; sourceTree = "<group>"; };
		84B507CA255EAE53009278C0 /* Formatter+Extensions.swift */ = {isa = PBXFileReference; lastKnownFileType = sourcecode.swift; path = "Formatter+Extensions.swift"; sourceTree = "<group>"; };
		84B507CD255EAE99009278C0 /* Int+Extensions.swift */ = {isa = PBXFileReference; lastKnownFileType = sourcecode.swift; path = "Int+Extensions.swift"; sourceTree = "<group>"; };
		84E6740A255D372A0069E3CE /* URLComposerAndDownload.swift */ = {isa = PBXFileReference; lastKnownFileType = sourcecode.swift; path = URLComposerAndDownload.swift; sourceTree = "<group>"; };
		84E6740E255D49520069E3CE /* Model.swift */ = {isa = PBXFileReference; lastKnownFileType = sourcecode.swift; path = Model.swift; sourceTree = "<group>"; };
/* End PBXFileReference section */

/* Begin PBXFrameworksBuildPhase section */
		84192A3925557DBF002C635E /* Frameworks */ = {
			isa = PBXFrameworksBuildPhase;
			buildActionMask = 2147483647;
			files = (
			);
			runOnlyForDeploymentPostprocessing = 0;
		};
/* End PBXFrameworksBuildPhase section */

/* Begin PBXGroup section */
		84029AD4255983A00069B5BF /* Extensions */ = {
			isa = PBXGroup;
			children = (
				84029AD5255983C20069B5BF /* CountingLabel.swift */,
				84B507CA255EAE53009278C0 /* Formatter+Extensions.swift */,
				84B507CD255EAE99009278C0 /* Int+Extensions.swift */,
			);
			path = Extensions;
			sourceTree = "<group>";
		};
		8415657A2563E63100A0E055 /* SecondViewController */ = {
			isa = PBXGroup;
			children = (
				8415657B2563E65800A0E055 /* SecondViewController.swift */,
			);
			path = SecondViewController;
			sourceTree = "<group>";
		};
		84192A3325557DBF002C635E = {
			isa = PBXGroup;
			children = (
				84192A3E25557DBF002C635E /* Covid19App */,
				84192A3D25557DBF002C635E /* Products */,
			);
			sourceTree = "<group>";
		};
		84192A3D25557DBF002C635E /* Products */ = {
			isa = PBXGroup;
			children = (
				84192A3C25557DBF002C635E /* Covid19App.app */,
			);
			name = Products;
			sourceTree = "<group>";
		};
		84192A3E25557DBF002C635E /* Covid19App */ = {
			isa = PBXGroup;
			children = (
				84E6740D255D493F0069E3CE /* Model */,
				84E67409255D37000069E3CE /* URLComposerAndDownload */,
				84029AD4255983A00069B5BF /* Extensions */,
				84192A5725557EA5002C635E /* MainViewController */,
				8415657A2563E63100A0E055 /* SecondViewController */,
				84192A5625557E85002C635E /* STORYBOARD */,
				84192A3F25557DBF002C635E /* AppDelegate.swift */,
				84192A4125557DBF002C635E /* SceneDelegate.swift */,
				84192A4825557DC3002C635E /* Assets.xcassets */,
				84192A4A25557DC3002C635E /* LaunchScreen.storyboard */,
				84192A4D25557DC3002C635E /* Info.plist */,
			);
			path = Covid19App;
			sourceTree = "<group>";
		};
		84192A5625557E85002C635E /* STORYBOARD */ = {
			isa = PBXGroup;
			children = (
				84192A4525557DBF002C635E /* Main.storyboard */,
			);
			path = STORYBOARD;
			sourceTree = "<group>";
		};
		84192A5725557EA5002C635E /* MainViewController */ = {
			isa = PBXGroup;
			children = (
				84192A4325557DBF002C635E /* ViewController.swift */,
			);
			path = MainViewController;
			sourceTree = "<group>";
		};
		84E67409255D37000069E3CE /* URLComposerAndDownload */ = {
			isa = PBXGroup;
			children = (
				84E6740A255D372A0069E3CE /* URLComposerAndDownload.swift */,
			);
			path = URLComposerAndDownload;
			sourceTree = "<group>";
		};
		84E6740D255D493F0069E3CE /* Model */ = {
			isa = PBXGroup;
			children = (
				84E6740E255D49520069E3CE /* Model.swift */,
			);
			path = Model;
			sourceTree = "<group>";
		};
/* End PBXGroup section */

/* Begin PBXNativeTarget section */
		84192A3B25557DBF002C635E /* Covid19App */ = {
			isa = PBXNativeTarget;
			buildConfigurationList = 84192A5025557DC3002C635E /* Build configuration list for PBXNativeTarget "Covid19App" */;
			buildPhases = (
				84192A3825557DBF002C635E /* Sources */,
				84192A3925557DBF002C635E /* Frameworks */,
				84192A3A25557DBF002C635E /* Resources */,
			);
			buildRules = (
			);
			dependencies = (
			);
			name = Covid19App;
			productName = Covid19App;
			productReference = 84192A3C25557DBF002C635E /* Covid19App.app */;
			productType = "com.apple.product-type.application";
		};
/* End PBXNativeTarget section */

/* Begin PBXProject section */
		84192A3425557DBF002C635E /* Project object */ = {
			isa = PBXProject;
			attributes = {
				LastSwiftUpdateCheck = 1210;
				LastUpgradeCheck = 1210;
				TargetAttributes = {
					84192A3B25557DBF002C635E = {
						CreatedOnToolsVersion = 12.1;
					};
				};
			};
			buildConfigurationList = 84192A3725557DBF002C635E /* Build configuration list for PBXProject "Covid19App" */;
			compatibilityVersion = "Xcode 9.3";
			developmentRegion = en;
			hasScannedForEncodings = 0;
			knownRegions = (
				en,
				Base,
			);
			mainGroup = 84192A3325557DBF002C635E;
			productRefGroup = 84192A3D25557DBF002C635E /* Products */;
			projectDirPath = "";
			projectRoot = "";
			targets = (
				84192A3B25557DBF002C635E /* Covid19App */,
			);
		};
/* End PBXProject section */

/* Begin PBXResourcesBuildPhase section */
		84192A3A25557DBF002C635E /* Resources */ = {
			isa = PBXResourcesBuildPhase;
			buildActionMask = 2147483647;
			files = (
				84192A4C25557DC3002C635E /* LaunchScreen.storyboard in Resources */,
				84192A4925557DC3002C635E /* Assets.xcassets in Resources */,
				84192A4725557DBF002C635E /* Main.storyboard in Resources */,
			);
			runOnlyForDeploymentPostprocessing = 0;
		};
/* End PBXResourcesBuildPhase section */

/* Begin PBXSourcesBuildPhase section */
		84192A3825557DBF002C635E /* Sources */ = {
			isa = PBXSourcesBuildPhase;
			buildActionMask = 2147483647;
			files = (
				84192A4425557DBF002C635E /* ViewController.swift in Sources */,
				84029AD6255983C20069B5BF /* CountingLabel.swift in Sources */,
				84192A4025557DBF002C635E /* AppDelegate.swift in Sources */,
				8415657C2563E65800A0E055 /* SecondViewController.swift in Sources */,
				84E6740F255D49520069E3CE /* Model.swift in Sources */,
				84B507CB255EAE53009278C0 /* Formatter+Extensions.swift in Sources */,
				84B507CE255EAE99009278C0 /* Int+Extensions.swift in Sources */,
				84E6740B255D372A0069E3CE /* URLComposerAndDownload.swift in Sources */,
				84192A4225557DBF002C635E /* SceneDelegate.swift in Sources */,
			);
			runOnlyForDeploymentPostprocessing = 0;
		};
/* End PBXSourcesBuildPhase section */

/* Begin PBXVariantGroup section */
		84192A4525557DBF002C635E /* Main.storyboard */ = {
			isa = PBXVariantGroup;
			children = (
				84192A4625557DBF002C635E /* Base */,
			);
			name = Main.storyboard;
			sourceTree = "<group>";
		};
		84192A4A25557DC3002C635E /* LaunchScreen.storyboard */ = {
			isa = PBXVariantGroup;
			children = (
				84192A4B25557DC3002C635E /* Base */,
			);
			name = LaunchScreen.storyboard;
			sourceTree = "<group>";
		};
/* End PBXVariantGroup section */

/* Begin XCBuildConfiguration section */
		84192A4E25557DC3002C635E /* Debug */ = {
			isa = XCBuildConfiguration;
			buildSettings = {
				ALWAYS_SEARCH_USER_PATHS = NO;
				CLANG_ANALYZER_NONNULL = YES;
				CLANG_ANALYZER_NUMBER_OBJECT_CONVERSION = YES_AGGRESSIVE;
				CLANG_CXX_LANGUAGE_STANDARD = "gnu++14";
				CLANG_CXX_LIBRARY = "libc++";
				CLANG_ENABLE_MODULES = YES;
				CLANG_ENABLE_OBJC_ARC = YES;
				CLANG_ENABLE_OBJC_WEAK = YES;
				CLANG_WARN_BLOCK_CAPTURE_AUTORELEASING = YES;
				CLANG_WARN_BOOL_CONVERSION = YES;
				CLANG_WARN_COMMA = YES;
				CLANG_WARN_CONSTANT_CONVERSION = YES;
				CLANG_WARN_DEPRECATED_OBJC_IMPLEMENTATIONS = YES;
				CLANG_WARN_DIRECT_OBJC_ISA_USAGE = YES_ERROR;
				CLANG_WARN_DOCUMENTATION_COMMENTS = YES;
				CLANG_WARN_EMPTY_BODY = YES;
				CLANG_WARN_ENUM_CONVERSION = YES;
				CLANG_WARN_INFINITE_RECURSION = YES;
				CLANG_WARN_INT_CONVERSION = YES;
				CLANG_WARN_NON_LITERAL_NULL_CONVERSION = YES;
				CLANG_WARN_OBJC_IMPLICIT_RETAIN_SELF = YES;
				CLANG_WARN_OBJC_LITERAL_CONVERSION = YES;
				CLANG_WARN_OBJC_ROOT_CLASS = YES_ERROR;
				CLANG_WARN_QUOTED_INCLUDE_IN_FRAMEWORK_HEADER = YES;
				CLANG_WARN_RANGE_LOOP_ANALYSIS = YES;
				CLANG_WARN_STRICT_PROTOTYPES = YES;
				CLANG_WARN_SUSPICIOUS_MOVE = YES;
				CLANG_WARN_UNGUARDED_AVAILABILITY = YES_AGGRESSIVE;
				CLANG_WARN_UNREACHABLE_CODE = YES;
				CLANG_WARN__DUPLICATE_METHOD_MATCH = YES;
				COPY_PHASE_STRIP = NO;
				DEBUG_INFORMATION_FORMAT = dwarf;
				ENABLE_STRICT_OBJC_MSGSEND = YES;
				ENABLE_TESTABILITY = YES;
				GCC_C_LANGUAGE_STANDARD = gnu11;
				GCC_DYNAMIC_NO_PIC = NO;
				GCC_NO_COMMON_BLOCKS = YES;
				GCC_OPTIMIZATION_LEVEL = 0;
				GCC_PREPROCESSOR_DEFINITIONS = (
					"DEBUG=1",
					"$(inherited)",
				);
				GCC_WARN_64_TO_32_BIT_CONVERSION = YES;
				GCC_WARN_ABOUT_RETURN_TYPE = YES_ERROR;
				GCC_WARN_UNDECLARED_SELECTOR = YES;
				GCC_WARN_UNINITIALIZED_AUTOS = YES_AGGRESSIVE;
				GCC_WARN_UNUSED_FUNCTION = YES;
				GCC_WARN_UNUSED_VARIABLE = YES;
				IPHONEOS_DEPLOYMENT_TARGET = 14.1;
				MTL_ENABLE_DEBUG_INFO = INCLUDE_SOURCE;
				MTL_FAST_MATH = YES;
				ONLY_ACTIVE_ARCH = YES;
				SDKROOT = iphoneos;
				SWIFT_ACTIVE_COMPILATION_CONDITIONS = DEBUG;
				SWIFT_OPTIMIZATION_LEVEL = "-Onone";
			};
			name = Debug;
		};
		84192A4F25557DC3002C635E /* Release */ = {
			isa = XCBuildConfiguration;
			buildSettings = {
				ALWAYS_SEARCH_USER_PATHS = NO;
				CLANG_ANALYZER_NONNULL = YES;
				CLANG_ANALYZER_NUMBER_OBJECT_CONVERSION = YES_AGGRESSIVE;
				CLANG_CXX_LANGUAGE_STANDARD = "gnu++14";
				CLANG_CXX_LIBRARY = "libc++";
				CLANG_ENABLE_MODULES = YES;
				CLANG_ENABLE_OBJC_ARC = YES;
				CLANG_ENABLE_OBJC_WEAK = YES;
				CLANG_WARN_BLOCK_CAPTURE_AUTORELEASING = YES;
				CLANG_WARN_BOOL_CONVERSION = YES;
				CLANG_WARN_COMMA = YES;
				CLANG_WARN_CONSTANT_CONVERSION = YES;
				CLANG_WARN_DEPRECATED_OBJC_IMPLEMENTATIONS = YES;
				CLANG_WARN_DIRECT_OBJC_ISA_USAGE = YES_ERROR;
				CLANG_WARN_DOCUMENTATION_COMMENTS = YES;
				CLANG_WARN_EMPTY_BODY = YES;
				CLANG_WARN_ENUM_CONVERSION = YES;
				CLANG_WARN_INFINITE_RECURSION = YES;
				CLANG_WARN_INT_CONVERSION = YES;
				CLANG_WARN_NON_LITERAL_NULL_CONVERSION = YES;
				CLANG_WARN_OBJC_IMPLICIT_RETAIN_SELF = YES;
				CLANG_WARN_OBJC_LITERAL_CONVERSION = YES;
				CLANG_WARN_OBJC_ROOT_CLASS = YES_ERROR;
				CLANG_WARN_QUOTED_INCLUDE_IN_FRAMEWORK_HEADER = YES;
				CLANG_WARN_RANGE_LOOP_ANALYSIS = YES;
				CLANG_WARN_STRICT_PROTOTYPES = YES;
				CLANG_WARN_SUSPICIOUS_MOVE = YES;
				CLANG_WARN_UNGUARDED_AVAILABILITY = YES_AGGRESSIVE;
				CLANG_WARN_UNREACHABLE_CODE = YES;
				CLANG_WARN__DUPLICATE_METHOD_MATCH = YES;
				COPY_PHASE_STRIP = NO;
				DEBUG_INFORMATION_FORMAT = "dwarf-with-dsym";
				ENABLE_NS_ASSERTIONS = NO;
				ENABLE_STRICT_OBJC_MSGSEND = YES;
				GCC_C_LANGUAGE_STANDARD = gnu11;
				GCC_NO_COMMON_BLOCKS = YES;
				GCC_WARN_64_TO_32_BIT_CONVERSION = YES;
				GCC_WARN_ABOUT_RETURN_TYPE = YES_ERROR;
				GCC_WARN_UNDECLARED_SELECTOR = YES;
				GCC_WARN_UNINITIALIZED_AUTOS = YES_AGGRESSIVE;
				GCC_WARN_UNUSED_FUNCTION = YES;
				GCC_WARN_UNUSED_VARIABLE = YES;
				IPHONEOS_DEPLOYMENT_TARGET = 14.1;
				MTL_ENABLE_DEBUG_INFO = NO;
				MTL_FAST_MATH = YES;
				SDKROOT = iphoneos;
				SWIFT_COMPILATION_MODE = wholemodule;
				SWIFT_OPTIMIZATION_LEVEL = "-O";
				VALIDATE_PRODUCT = YES;
			};
			name = Release;
		};
		84192A5125557DC3002C635E /* Debug */ = {
			isa = XCBuildConfiguration;
			buildSettings = {
				ASSETCATALOG_COMPILER_APPICON_NAME = AppIcon;
				ASSETCATALOG_COMPILER_GLOBAL_ACCENT_COLOR_NAME = AccentColor;
				CODE_SIGN_STYLE = Automatic;
				DEVELOPMENT_TEAM = 9XZ8K6UUAV;
				INFOPLIST_FILE = Covid19App/Info.plist;
				IPHONEOS_DEPLOYMENT_TARGET = 12.0;
				LD_RUNPATH_SEARCH_PATHS = (
					"$(inherited)",
					"@executable_path/Frameworks",
				);
				PRODUCT_BUNDLE_IDENTIFIER = Vachko.Covid19App;
				PRODUCT_NAME = "$(TARGET_NAME)";
				SWIFT_VERSION = 5.0;
				TARGETED_DEVICE_FAMILY = 1;
			};
			name = Debug;
		};
		84192A5225557DC3002C635E /* Release */ = {
			isa = XCBuildConfiguration;
			buildSettings = {
				ASSETCATALOG_COMPILER_APPICON_NAME = AppIcon;
				ASSETCATALOG_COMPILER_GLOBAL_ACCENT_COLOR_NAME = AccentColor;
				CODE_SIGN_STYLE = Automatic;
				DEVELOPMENT_TEAM = 9XZ8K6UUAV;
				INFOPLIST_FILE = Covid19App/Info.plist;
				IPHONEOS_DEPLOYMENT_TARGET = 12.0;
				LD_RUNPATH_SEARCH_PATHS = (
					"$(inherited)",
					"@executable_path/Frameworks",
				);
				PRODUCT_BUNDLE_IDENTIFIER = Vachko.Covid19App;
				PRODUCT_NAME = "$(TARGET_NAME)";
				SWIFT_VERSION = 5.0;
				TARGETED_DEVICE_FAMILY = 1;
			};
			name = Release;
		};
/* End XCBuildConfiguration section */

/* Begin XCConfigurationList section */
		84192A3725557DBF002C635E /* Build configuration list for PBXProject "Covid19App" */ = {
			isa = XCConfigurationList;
			buildConfigurations = (
				84192A4E25557DC3002C635E /* Debug */,
				84192A4F25557DC3002C635E /* Release */,
			);
			defaultConfigurationIsVisible = 0;
			defaultConfigurationName = Release;
		};
		84192A5025557DC3002C635E /* Build configuration list for PBXNativeTarget "Covid19App" */ = {
			isa = XCConfigurationList;
			buildConfigurations = (
				84192A5125557DC3002C635E /* Debug */,
				84192A5225557DC3002C635E /* Release */,
			);
			defaultConfigurationIsVisible = 0;
			defaultConfigurationName = Release;
		};
/* End XCConfigurationList section */
	};
	rootObject = 84192A3425557DBF002C635E /* Project object */;
}
